
Microsoft Visual Studio Solution File, Format Version 12.00
# Visual Studio Version 16
VisualStudioVersion = 16.0.30717.126
MinimumVisualStudioVersion = 10.0.40219.1
Project("{FAE04EC0-301F-11D3-BF4B-00C04F79EFBC}") = "Git_terminal_app", "Git_terminal_app\Git_terminal_app.csproj", "{6953D571-61B2-4F7E-8691-AAB1FECFDEF1}"
EndProject
Global
	GlobalSection(SolutionConfigurationPlatforms) = preSolution
		Debug|Any CPU = Debug|Any CPU
		Release|Any CPU = Release|Any CPU
	EndGlobalSection
	GlobalSection(ProjectConfigurationPlatforms) = postSolution
		{6953D571-61B2-4F7E-8691-AAB1FECFDEF1}.Debug|Any CPU.ActiveCfg = Debug|Any CPU
		{6953D571-61B2-4F7E-8691-AAB1FECFDEF1}.Debug|Any CPU.Build.0 = Debug|Any CPU
		{6953D571-61B2-4F7E-8691-AAB1FECFDEF1}.Release|Any CPU.ActiveCfg = Release|Any CPU
		{6953D571-61B2-4F7E-8691-AAB1FECFDEF1}.Release|Any CPU.Build.0 = Release|Any CPU
	EndGlobalSection
	GlobalSection(SolutionProperties) = preSolution
		HideSolutionNode = FALSE
	EndGlobalSection
	GlobalSection(ExtensibilityGlobals) = postSolution
		SolutionGuid = {7E32E523-7CDD-4B3B-A307-FED5FB5499CC}
	EndGlobalSection
EndGlobal
